
Microsoft Visual Studio Solution File, Format Version 12.00
# Visual Studio 15
VisualStudioVersion = 15.0.28010.2036
MinimumVisualStudioVersion = 10.0.40219.1
Project("{FAE04EC0-301F-11D3-BF4B-00C04F79EFBC}") = "DebtBook", "DebtBook.csproj", "{8369E687-E86C-40FF-A259-35408143EE50}"
EndProject
Global
	GlobalSection(SolutionConfigurationPlatforms) = preSolution
		Debug|Any CPU = Debug|Any CPU
		Release|Any CPU = Release|Any CPU
	EndGlobalSection
	GlobalSection(ProjectConfigurationPlatforms) = postSolution
		{8369E687-E86C-40FF-A259-35408143EE50}.Debug|Any CPU.ActiveCfg = Debug|Any CPU
		{8369E687-E86C-40FF-A259-35408143EE50}.Debug|Any CPU.Build.0 = Debug|Any CPU
		{8369E687-E86C-40FF-A259-35408143EE50}.Release|Any CPU.ActiveCfg = Release|Any CPU
		{8369E687-E86C-40FF-A259-35408143EE50}.Release|Any CPU.Build.0 = Release|Any CPU
	EndGlobalSection
	GlobalSection(SolutionProperties) = preSolution
		HideSolutionNode = FALSE
	EndGlobalSection
	GlobalSection(ExtensibilityGlobals) = postSolution
		SolutionGuid = {652B5230-B32C-4EED-9657-D19386C1A834}
	EndGlobalSection
EndGlobal
